
Microsoft Visual Studio Solution File, Format Version 12.00
# Visual Studio Version 17
VisualStudioVersion = 17.11.35303.130
MinimumVisualStudioVersion = 10.0.40219.1
Project("{9A19103F-16F7-4668-BE54-9A1E7A4F7556}") = "PLANILLA.ENTIDADES", "PLANILLA.ENTIDADES\PLANILLA.ENTIDADES.csproj", "{B53EFA85-3FBD-4ED6-8656-531882CEA288}"
EndProject
Project("{9A19103F-16F7-4668-BE54-9A1E7A4F7556}") = "PLANILLA.API", "PLANILLA.API\PLANILLA.API.csproj", "{1FB59883-22C8-4D65-8AEF-2B9E980F16CC}"
EndProject
Project("{9A19103F-16F7-4668-BE54-9A1E7A4F7556}") = "PLANILLA.UTILITARIOS", "PROYECTO.UTILITARIOS\PLANILLA.UTILITARIOS.csproj", "{F613D4B9-4E89-40DA-888E-2C73C423FC6A}"
EndProject
Project("{9A19103F-16F7-4668-BE54-9A1E7A4F7556}") = "PLANILLA.CONEXION", "PLANILLA.CONEXION\PLANILLA.CONEXION.csproj", "{3F1BF2CC-8DA6-46E6-9F41-F21794C39263}"
EndProject
Project("{9A19103F-16F7-4668-BE54-9A1E7A4F7556}") = "PLANILLA.ESCRITORIO", "PLANILLA.ESCRITORIO\PLANILLA.ESCRITORIO.csproj", "{182F7CE8-C77C-44ED-81CA-FB4F2B2E40B5}"
EndProject
Project("{FAE04EC0-301F-11D3-BF4B-00C04F79EFBC}") = "WebConsulta", "WebConsulta\WebConsulta.csproj", "{FA787E02-AD0F-43B6-B128-31E180C1BB89}"
EndProject
Project("{FAE04EC0-301F-11D3-BF4B-00C04F79EFBC}") = "PLANILLA.WEB", "PLANILLA.WEB\PLANILLA.WEB.csproj", "{3CB3C344-E83A-4430-8218-C8043ED5D93A}"
EndProject
Global
	GlobalSection(SolutionConfigurationPlatforms) = preSolution
		Debug|Any CPU = Debug|Any CPU
		Release|Any CPU = Release|Any CPU
	EndGlobalSection
	GlobalSection(ProjectConfigurationPlatforms) = postSolution
		{B53EFA85-3FBD-4ED6-8656-531882CEA288}.Debug|Any CPU.ActiveCfg = Debug|Any CPU
		{B53EFA85-3FBD-4ED6-8656-531882CEA288}.Debug|Any CPU.Build.0 = Debug|Any CPU
		{B53EFA85-3FBD-4ED6-8656-531882CEA288}.Release|Any CPU.ActiveCfg = Release|Any CPU
		{B53EFA85-3FBD-4ED6-8656-531882CEA288}.Release|Any CPU.Build.0 = Release|Any CPU
		{1FB59883-22C8-4D65-8AEF-2B9E980F16CC}.Debug|Any CPU.ActiveCfg = Debug|Any CPU
		{1FB59883-22C8-4D65-8AEF-2B9E980F16CC}.Debug|Any CPU.Build.0 = Debug|Any CPU
		{1FB59883-22C8-4D65-8AEF-2B9E980F16CC}.Release|Any CPU.ActiveCfg = Release|Any CPU
		{1FB59883-22C8-4D65-8AEF-2B9E980F16CC}.Release|Any CPU.Build.0 = Release|Any CPU
		{F613D4B9-4E89-40DA-888E-2C73C423FC6A}.Debug|Any CPU.ActiveCfg = Debug|Any CPU
		{F613D4B9-4E89-40DA-888E-2C73C423FC6A}.Debug|Any CPU.Build.0 = Debug|Any CPU
		{F613D4B9-4E89-40DA-888E-2C73C423FC6A}.Release|Any CPU.ActiveCfg = Release|Any CPU
		{F613D4B9-4E89-40DA-888E-2C73C423FC6A}.Release|Any CPU.Build.0 = Release|Any CPU
		{3F1BF2CC-8DA6-46E6-9F41-F21794C39263}.Debug|Any CPU.ActiveCfg = Debug|Any CPU
		{3F1BF2CC-8DA6-46E6-9F41-F21794C39263}.Debug|Any CPU.Build.0 = Debug|Any CPU
		{3F1BF2CC-8DA6-46E6-9F41-F21794C39263}.Release|Any CPU.ActiveCfg = Release|Any CPU
		{3F1BF2CC-8DA6-46E6-9F41-F21794C39263}.Release|Any CPU.Build.0 = Release|Any CPU
		{182F7CE8-C77C-44ED-81CA-FB4F2B2E40B5}.Debug|Any CPU.ActiveCfg = Debug|Any CPU
		{182F7CE8-C77C-44ED-81CA-FB4F2B2E40B5}.Debug|Any CPU.Build.0 = Debug|Any CPU
		{182F7CE8-C77C-44ED-81CA-FB4F2B2E40B5}.Release|Any CPU.ActiveCfg = Release|Any CPU
		{182F7CE8-C77C-44ED-81CA-FB4F2B2E40B5}.Release|Any CPU.Build.0 = Release|Any CPU
		{FA787E02-AD0F-43B6-B128-31E180C1BB89}.Debug|Any CPU.ActiveCfg = Debug|Any CPU
		{FA787E02-AD0F-43B6-B128-31E180C1BB89}.Debug|Any CPU.Build.0 = Debug|Any CPU
		{FA787E02-AD0F-43B6-B128-31E180C1BB89}.Release|Any CPU.ActiveCfg = Release|Any CPU
		{FA787E02-AD0F-43B6-B128-31E180C1BB89}.Release|Any CPU.Build.0 = Release|Any CPU
		{3CB3C344-E83A-4430-8218-C8043ED5D93A}.Debug|Any CPU.ActiveCfg = Debug|Any CPU
		{3CB3C344-E83A-4430-8218-C8043ED5D93A}.Debug|Any CPU.Build.0 = Debug|Any CPU
		{3CB3C344-E83A-4430-8218-C8043ED5D93A}.Release|Any CPU.ActiveCfg = Release|Any CPU
		{3CB3C344-E83A-4430-8218-C8043ED5D93A}.Release|Any CPU.Build.0 = Release|Any CPU
	EndGlobalSection
	GlobalSection(SolutionProperties) = preSolution
		HideSolutionNode = FALSE
	EndGlobalSection
	GlobalSection(ExtensibilityGlobals) = postSolution
		SolutionGuid = {141AD1A2-4036-472C-BD8C-972EE7E9F9BF}
	EndGlobalSection
EndGlobal
